// !$*UTF8*$!
{
	archiveVersion = 1;
	classes = {
	};
	objectVersion = 46;
	objects = {

/* Begin PBXBuildFile section */
		110405731D6566260045F1E1 /* main_back.jpg in Resources */ = {isa = PBXBuildFile; fileRef = 110405721D6566260045F1E1 /* main_back.jpg */; };
		110405781D65683E0045F1E1 /* YLNavgationViewController.swift in Sources */ = {isa = PBXBuildFile; fileRef = 110405771D65683E0045F1E1 /* YLNavgationViewController.swift */; };
		1104057A1D65A4A80045F1E1 /* YLMainViewController.swift in Sources */ = {isa = PBXBuildFile; fileRef = 110405791D65A4A80045F1E1 /* YLMainViewController.swift */; };
		1104057C1D65A8270045F1E1 /* transparent.png in Resources */ = {isa = PBXBuildFile; fileRef = 1104057B1D65A8270045F1E1 /* transparent.png */; };
		1104057F1D6AA0B00045F1E1 /* YLCommon.swift in Sources */ = {isa = PBXBuildFile; fileRef = 1104057E1D6AA0B00045F1E1 /* YLCommon.swift */; };
		11DFA4451D641758003F46E6 /* bomb.mp3 in Resources */ = {isa = PBXBuildFile; fileRef = 11DFA4401D641758003F46E6 /* bomb.mp3 */; };
		11DFA4461D641758003F46E6 /* empty.mp3 in Resources */ = {isa = PBXBuildFile; fileRef = 11DFA4411D641758003F46E6 /* empty.mp3 */; };
		11DFA4471D641758003F46E6 /* flag.mp3 in Resources */ = {isa = PBXBuildFile; fileRef = 11DFA4421D641758003F46E6 /* flag.mp3 */; };
		11DFA4481D641758003F46E6 /* scan.mp3 in Resources */ = {isa = PBXBuildFile; fileRef = 11DFA4431D641758003F46E6 /* scan.mp3 */; };
		11DFA4491D641758003F46E6 /* start.mp3 in Resources */ = {isa = PBXBuildFile; fileRef = 11DFA4441D641758003F46E6 /* start.mp3 */; };
		11E014FB1D629F950034181B /* AppDelegate.swift in Sources */ = {isa = PBXBuildFile; fileRef = 11E014FA1D629F950034181B /* AppDelegate.swift */; };
		11E015001D629F950034181B /* Main.storyboard in Resources */ = {isa = PBXBuildFile; fileRef = 11E014FE1D629F950034181B /* Main.storyboard */; };
		11E015021D629F950034181B /* Assets.xcassets in Resources */ = {isa = PBXBuildFile; fileRef = 11E015011D629F950034181B /* Assets.xcassets */; };
		11E015051D629F950034181B /* LaunchScreen.storyboard in Resources */ = {isa = PBXBuildFile; fileRef = 11E015031D629F950034181B /* LaunchScreen.storyboard */; };
		2ECDF7BEB5B93D139980FC4D /* Pods_YLSaoLei.framework in Frameworks */ = {isa = PBXBuildFile; fileRef = 8451D072243CCDEA21E80B0C /* Pods_YLSaoLei.framework */; };
/* End PBXBuildFile section */

/* Begin PBXFileReference section */
		110405721D6566260045F1E1 /* main_back.jpg */ = {isa = PBXFileReference; lastKnownFileType = image.jpeg; path = main_back.jpg; sourceTree = "<group>"; };
		110405771D65683E0045F1E1 /* YLNavgationViewController.swift */ = {isa = PBXFileReference; fileEncoding = 4; lastKnownFileType = sourcecode.swift; path = YLNavgationViewController.swift; sourceTree = "<group>"; };
		110405791D65A4A80045F1E1 /* YLMainViewController.swift */ = {isa = PBXFileReference; fileEncoding = 4; lastKnownFileType = sourcecode.swift; path = YLMainViewController.swift; sourceTree = "<group>"; };
		1104057B1D65A8270045F1E1 /* transparent.png */ = {isa = PBXFileReference; lastKnownFileType = image.png; path = transparent.png; sourceTree = "<group>"; };
		1104057E1D6AA0B00045F1E1 /* YLCommon.swift */ = {isa = PBXFileReference; fileEncoding = 4; lastKnownFileType = sourcecode.swift; path = YLCommon.swift; sourceTree = "<group>"; };
		11DFA4401D641758003F46E6 /* bomb.mp3 */ = {isa = PBXFileReference; lastKnownFileType = audio.mp3; path = bomb.mp3; sourceTree = "<group>"; };
		11DFA4411D641758003F46E6 /* empty.mp3 */ = {isa = PBXFileReference; lastKnownFileType = audio.mp3; path = empty.mp3; sourceTree = "<group>"; };
		11DFA4421D641758003F46E6 /* flag.mp3 */ = {isa = PBXFileReference; lastKnownFileType = audio.mp3; path = flag.mp3; sourceTree = "<group>"; };
		11DFA4431D641758003F46E6 /* scan.mp3 */ = {isa = PBXFileReference; lastKnownFileType = audio.mp3; path = scan.mp3; sourceTree = "<group>"; };
		11DFA4441D641758003F46E6 /* start.mp3 */ = {isa = PBXFileReference; lastKnownFileType = audio.mp3; path = start.mp3; sourceTree = "<group>"; };
		11E014F71D629F950034181B /* YLSaoLei.app */ = {isa = PBXFileReference; explicitFileType = wrapper.application; includeInIndex = 0; path = YLSaoLei.app; sourceTree = BUILT_PRODUCTS_DIR; };
		11E014FA1D629F950034181B /* AppDelegate.swift */ = {isa = PBXFileReference; lastKnownFileType = sourcecode.swift; path = AppDelegate.swift; sourceTree = "<group>"; };
		11E014FF1D629F950034181B /* Base */ = {isa = PBXFileReference; lastKnownFileType = file.storyboard; name = Base; path = Base.lproj/Main.storyboard; sourceTree = "<group>"; };
		11E015011D629F950034181B /* Assets.xcassets */ = {isa = PBXFileReference; lastKnownFileType = folder.assetcatalog; path = Assets.xcassets; sourceTree = "<group>"; };
		11E015041D629F950034181B /* Base */ = {isa = PBXFileReference; lastKnownFileType = file.storyboard; name = Base; path = Base.lproj/LaunchScreen.storyboard; sourceTree = "<group>"; };
		11E015061D629F950034181B /* Info.plist */ = {isa = PBXFileReference; lastKnownFileType = text.plist.xml; path = Info.plist; sourceTree = "<group>"; };
		58BD25FEE98D7186FA9AB2BE /* Pods-YLSaoLei.release.xcconfig */ = {isa = PBXFileReference; includeInIndex = 1; lastKnownFileType = text.xcconfig; name = "Pods-YLSaoLei.release.xcconfig"; path = "Pods/Target Support Files/Pods-YLSaoLei/Pods-YLSaoLei.release.xcconfig"; sourceTree = "<group>"; };
		72F4917AD4C6984C110F4D96 /* Pods-YLSaoLei.debug.xcconfig */ = {isa = PBXFileReference; includeInIndex = 1; lastKnownFileType = text.xcconfig; name = "Pods-YLSaoLei.debug.xcconfig"; path = "Pods/Target Support Files/Pods-YLSaoLei/Pods-YLSaoLei.debug.xcconfig"; sourceTree = "<group>"; };
		8451D072243CCDEA21E80B0C /* Pods_YLSaoLei.framework */ = {isa = PBXFileReference; explicitFileType = wrapper.framework; includeInIndex = 0; path = Pods_YLSaoLei.framework; sourceTree = BUILT_PRODUCTS_DIR; };
/* End PBXFileReference section */

/* Begin PBXFrameworksBuildPhase section */
		11E014F41D629F950034181B /* Frameworks */ = {
			isa = PBXFrameworksBuildPhase;
			buildActionMask = 2147483647;
			files = (
				2ECDF7BEB5B93D139980FC4D /* Pods_YLSaoLei.framework in Frameworks */,
			);
			runOnlyForDeploymentPostprocessing = 0;
		};
/* End PBXFrameworksBuildPhase section */

/* Begin PBXGroup section */
		110405711D6565D00045F1E1 /* Resources */ = {
			isa = PBXGroup;
			children = (
				110405721D6566260045F1E1 /* main_back.jpg */,
				1104057B1D65A8270045F1E1 /* transparent.png */,
			);
			name = Resources;
			sourceTree = "<group>";
		};
		110405741D65673D0045F1E1 /* ViewController */ = {
			isa = PBXGroup;
			children = (
				110405771D65683E0045F1E1 /* YLNavgationViewController.swift */,
				110405791D65A4A80045F1E1 /* YLMainViewController.swift */,
			);
			name = ViewController;
			sourceTree = "<group>";
		};
		1104057D1D6AA07E0045F1E1 /* Utils */ = {
			isa = PBXGroup;
			children = (
				1104057E1D6AA0B00045F1E1 /* YLCommon.swift */,
			);
			name = Utils;
			sourceTree = "<group>";
		};
		11DFA43F1D641758003F46E6 /* raw */ = {
			isa = PBXGroup;
			children = (
				11DFA4401D641758003F46E6 /* bomb.mp3 */,
				11DFA4411D641758003F46E6 /* empty.mp3 */,
				11DFA4421D641758003F46E6 /* flag.mp3 */,
				11DFA4431D641758003F46E6 /* scan.mp3 */,
				11DFA4441D641758003F46E6 /* start.mp3 */,
			);
			path = raw;
			sourceTree = "<group>";
		};
		11E014EE1D629F950034181B = {
			isa = PBXGroup;
			children = (
				11E014F91D629F950034181B /* YLSaoLei */,
				11E014F81D629F950034181B /* Products */,
				11DFA43F1D641758003F46E6 /* raw */,
				7230715DA3EDF5001A99A2F4 /* Pods */,
				E88EA68F9F5DAA53BA755CB2 /* Frameworks */,
			);
			sourceTree = "<group>";
		};
		11E014F81D629F950034181B /* Products */ = {
			isa = PBXGroup;
			children = (
				11E014F71D629F950034181B /* YLSaoLei.app */,
			);
			name = Products;
			sourceTree = "<group>";
		};
		11E014F91D629F950034181B /* YLSaoLei */ = {
			isa = PBXGroup;
			children = (
				1104057D1D6AA07E0045F1E1 /* Utils */,
				110405741D65673D0045F1E1 /* ViewController */,
				110405711D6565D00045F1E1 /* Resources */,
				11E014FA1D629F950034181B /* AppDelegate.swift */,
				11E014FE1D629F950034181B /* Main.storyboard */,
				11E015011D629F950034181B /* Assets.xcassets */,
				11E015031D629F950034181B /* LaunchScreen.storyboard */,
				11E015061D629F950034181B /* Info.plist */,
			);
			path = YLSaoLei;
			sourceTree = "<group>";
		};
		7230715DA3EDF5001A99A2F4 /* Pods */ = {
			isa = PBXGroup;
			children = (
				72F4917AD4C6984C110F4D96 /* Pods-YLSaoLei.debug.xcconfig */,
				58BD25FEE98D7186FA9AB2BE /* Pods-YLSaoLei.release.xcconfig */,
			);
			name = Pods;
			sourceTree = "<group>";
		};
		E88EA68F9F5DAA53BA755CB2 /* Frameworks */ = {
			isa = PBXGroup;
			children = (
				8451D072243CCDEA21E80B0C /* Pods_YLSaoLei.framework */,
			);
			name = Frameworks;
			sourceTree = "<group>";
		};
/* End PBXGroup section */

/* Begin PBXNativeTarget section */
		11E014F61D629F950034181B /* YLSaoLei */ = {
			isa = PBXNativeTarget;
			buildConfigurationList = 11E015091D629F950034181B /* Build configuration list for PBXNativeTarget "YLSaoLei" */;
			buildPhases = (
				161825D2AC7D017CAB9BAE15 /* Check Pods Manifest.lock */,
				11E014F31D629F950034181B /* Sources */,
				11E014F41D629F950034181B /* Frameworks */,
				11E014F51D629F950034181B /* Resources */,
				D8EDC2B1A0D2DBD4ED6F5457 /* Embed Pods Frameworks */,
				A3F18B31B7A71E610B6F7E87 /* Copy Pods Resources */,
			);
			buildRules = (
			);
			dependencies = (
			);
			name = YLSaoLei;
			productName = YLSaoLei;
			productReference = 11E014F71D629F950034181B /* YLSaoLei.app */;
			productType = "com.apple.product-type.application";
		};
/* End PBXNativeTarget section */

/* Begin PBXProject section */
		11E014EF1D629F950034181B /* Project object */ = {
			isa = PBXProject;
			attributes = {
				LastSwiftUpdateCheck = 0730;
				LastUpgradeCheck = 0730;
				ORGANIZATIONNAME = "ios-mac";
				TargetAttributes = {
					11E014F61D629F950034181B = {
						CreatedOnToolsVersion = 7.3.1;
					};
				};
			};
			buildConfigurationList = 11E014F21D629F950034181B /* Build configuration list for PBXProject "YLSaoLei" */;
			compatibilityVersion = "Xcode 3.2";
			developmentRegion = English;
			hasScannedForEncodings = 0;
			knownRegions = (
				en,
				Base,
			);
			mainGroup = 11E014EE1D629F950034181B;
			productRefGroup = 11E014F81D629F950034181B /* Products */;
			projectDirPath = "";
			projectRoot = "";
			targets = (
				11E014F61D629F950034181B /* YLSaoLei */,
			);
		};
/* End PBXProject section */

/* Begin PBXResourcesBuildPhase section */
		11E014F51D629F950034181B /* Resources */ = {
			isa = PBXResourcesBuildPhase;
			buildActionMask = 2147483647;
			files = (
				1104057C1D65A8270045F1E1 /* transparent.png in Resources */,
				11E015051D629F950034181B /* LaunchScreen.storyboard in Resources */,
				11E015021D629F950034181B /* Assets.xcassets in Resources */,
				11DFA4471D641758003F46E6 /* flag.mp3 in Resources */,
				11DFA4461D641758003F46E6 /* empty.mp3 in Resources */,
				11DFA4451D641758003F46E6 /* bomb.mp3 in Resources */,
				11DFA4491D641758003F46E6 /* start.mp3 in Resources */,
				11E015001D629F950034181B /* Main.storyboard in Resources */,
				110405731D6566260045F1E1 /* main_back.jpg in Resources */,
				11DFA4481D641758003F46E6 /* scan.mp3 in Resources */,
			);
			runOnlyForDeploymentPostprocessing = 0;
		};
/* End PBXResourcesBuildPhase section */

/* Begin PBXShellScriptBuildPhase section */
		161825D2AC7D017CAB9BAE15 /* Check Pods Manifest.lock */ = {
			isa = PBXShellScriptBuildPhase;
			buildActionMask = 2147483647;
			files = (
			);
			inputPaths = (
			);
			name = "Check Pods Manifest.lock";
			outputPaths = (
			);
			runOnlyForDeploymentPostprocessing = 0;
			shellPath = /bin/sh;
			shellScript = "diff \"${PODS_ROOT}/../Podfile.lock\" \"${PODS_ROOT}/Manifest.lock\" > /dev/null\nif [[ $? != 0 ]] ; then\n    cat << EOM\nerror: The sandbox is not in sync with the Podfile.lock. Run 'pod install' or update your CocoaPods installation.\nEOM\n    exit 1\nfi\n";
			showEnvVarsInLog = 0;
		};
		A3F18B31B7A71E610B6F7E87 /* Copy Pods Resources */ = {
			isa = PBXShellScriptBuildPhase;
			buildActionMask = 2147483647;
			files = (
			);
			inputPaths = (
			);
			name = "Copy Pods Resources";
			outputPaths = (
			);
			runOnlyForDeploymentPostprocessing = 0;
			shellPath = /bin/sh;
			shellScript = "\"${SRCROOT}/Pods/Target Support Files/Pods-YLSaoLei/Pods-YLSaoLei-resources.sh\"\n";
			showEnvVarsInLog = 0;
		};
		D8EDC2B1A0D2DBD4ED6F5457 /* Embed Pods Frameworks */ = {
			isa = PBXShellScriptBuildPhase;
			buildActionMask = 2147483647;
			files = (
			);
			inputPaths = (
			);
			name = "Embed Pods Frameworks";
			outputPaths = (
			);
			runOnlyForDeploymentPostprocessing = 0;
			shellPath = /bin/sh;
			shellScript = "\"${SRCROOT}/Pods/Target Support Files/Pods-YLSaoLei/Pods-YLSaoLei-frameworks.sh\"\n";
			showEnvVarsInLog = 0;
		};
/* End PBXShellScriptBuildPhase section */

/* Begin PBXSourcesBuildPhase section */
		11E014F31D629F950034181B /* Sources */ = {
			isa = PBXSourcesBuildPhase;
			buildActionMask = 2147483647;
			files = (
				1104057A1D65A4A80045F1E1 /* YLMainViewController.swift in Sources */,
				11E014FB1D629F950034181B /* AppDelegate.swift in Sources */,
				110405781D65683E0045F1E1 /* YLNavgationViewController.swift in Sources */,
				1104057F1D6AA0B00045F1E1 /* YLCommon.swift in Sources */,
			);
			runOnlyForDeploymentPostprocessing = 0;
		};
/* End PBXSourcesBuildPhase section */

/* Begin PBXVariantGroup section */
		11E014FE1D629F950034181B /* Main.storyboard */ = {
			isa = PBXVariantGroup;
			children = (
				11E014FF1D629F950034181B /* Base */,
			);
			name = Main.storyboard;
			sourceTree = "<group>";
		};
		11E015031D629F950034181B /* LaunchScreen.storyboard */ = {
			isa = PBXVariantGroup;
			children = (
				11E015041D629F950034181B /* Base */,
			);
			name = LaunchScreen.storyboard;
			sourceTree = "<group>";
		};
/* End PBXVariantGroup section */

/* Begin XCBuildConfiguration section */
		11E015071D629F950034181B /* Debug */ = {
			isa = XCBuildConfiguration;
			buildSettings = {
				ALWAYS_SEARCH_USER_PATHS = NO;
				CLANG_ANALYZER_NONNULL = YES;
				CLANG_CXX_LANGUAGE_STANDARD = "gnu++0x";
				CLANG_CXX_LIBRARY = "libc++";
				CLANG_ENABLE_MODULES = YES;
				CLANG_ENABLE_OBJC_ARC = YES;
				CLANG_WARN_BOOL_CONVERSION = YES;
				CLANG_WARN_CONSTANT_CONVERSION = YES;
				CLANG_WARN_DIRECT_OBJC_ISA_USAGE = YES_ERROR;
				CLANG_WARN_EMPTY_BODY = YES;
				CLANG_WARN_ENUM_CONVERSION = YES;
				CLANG_WARN_INT_CONVERSION = YES;
				CLANG_WARN_OBJC_ROOT_CLASS = YES_ERROR;
				CLANG_WARN_UNREACHABLE_CODE = YES;
				CLANG_WARN__DUPLICATE_METHOD_MATCH = YES;
				"CODE_SIGN_IDENTITY[sdk=iphoneos*]" = "iPhone Developer";
				COPY_PHASE_STRIP = NO;
				DEBUG_INFORMATION_FORMAT = dwarf;
				ENABLE_STRICT_OBJC_MSGSEND = YES;
				ENABLE_TESTABILITY = YES;
				GCC_C_LANGUAGE_STANDARD = gnu99;
				GCC_DYNAMIC_NO_PIC = NO;
				GCC_NO_COMMON_BLOCKS = YES;
				GCC_OPTIMIZATION_LEVEL = 0;
				GCC_PREPROCESSOR_DEFINITIONS = (
					"DEBUG=1",
					"$(inherited)",
				);
				GCC_WARN_64_TO_32_BIT_CONVERSION = YES;
				GCC_WARN_ABOUT_RETURN_TYPE = YES_ERROR;
				GCC_WARN_UNDECLARED_SELECTOR = YES;
				GCC_WARN_UNINITIALIZED_AUTOS = YES_AGGRESSIVE;
				GCC_WARN_UNUSED_FUNCTION = YES;
				GCC_WARN_UNUSED_VARIABLE = YES;
				IPHONEOS_DEPLOYMENT_TARGET = 9.3;
				MTL_ENABLE_DEBUG_INFO = YES;
				ONLY_ACTIVE_ARCH = YES;
				SDKROOT = iphoneos;
				SWIFT_OPTIMIZATION_LEVEL = "-Onone";
			};
			name = Debug;
		};
		11E015081D629F950034181B /* Release */ = {
			isa = XCBuildConfiguration;
			buildSettings = {
				ALWAYS_SEARCH_USER_PATHS = NO;
				CLANG_ANALYZER_NONNULL = YES;
				CLANG_CXX_LANGUAGE_STANDARD = "gnu++0x";
				CLANG_CXX_LIBRARY = "libc++";
				CLANG_ENABLE_MODULES = YES;
				CLANG_ENABLE_OBJC_ARC = YES;
				CLANG_WARN_BOOL_CONVERSION = YES;
				CLANG_WARN_CONSTANT_CONVERSION = YES;
				CLANG_WARN_DIRECT_OBJC_ISA_USAGE = YES_ERROR;
				CLANG_WARN_EMPTY_BODY = YES;
				CLANG_WARN_ENUM_CONVERSION = YES;
				CLANG_WARN_INT_CONVERSION = YES;
				CLANG_WARN_OBJC_ROOT_CLASS = YES_ERROR;
				CLANG_WARN_UNREACHABLE_CODE = YES;
				CLANG_WARN__DUPLICATE_METHOD_MATCH = YES;
				"CODE_SIGN_IDENTITY[sdk=iphoneos*]" = "iPhone Developer";
				COPY_PHASE_STRIP = NO;
				DEBUG_INFORMATION_FORMAT = "dwarf-with-dsym";
				ENABLE_NS_ASSERTIONS = NO;
				ENABLE_STRICT_OBJC_MSGSEND = YES;
				GCC_C_LANGUAGE_STANDARD = gnu99;
				GCC_NO_COMMON_BLOCKS = YES;
				GCC_WARN_64_TO_32_BIT_CONVERSION = YES;
				GCC_WARN_ABOUT_RETURN_TYPE = YES_ERROR;
				GCC_WARN_UNDECLARED_SELECTOR = YES;
				GCC_WARN_UNINITIALIZED_AUTOS = YES_AGGRESSIVE;
				GCC_WARN_UNUSED_FUNCTION = YES;
				GCC_WARN_UNUSED_VARIABLE = YES;
				IPHONEOS_DEPLOYMENT_TARGET = 9.3;
				MTL_ENABLE_DEBUG_INFO = NO;
				SDKROOT = iphoneos;
				VALIDATE_PRODUCT = YES;
			};
			name = Release;
		};
		11E0150A1D629F950034181B /* Debug */ = {
			isa = XCBuildConfiguration;
			baseConfigurationReference = 72F4917AD4C6984C110F4D96 /* Pods-YLSaoLei.debug.xcconfig */;
			buildSettings = {
				ASSETCATALOG_COMPILER_APPICON_NAME = AppIcon;
				INFOPLIST_FILE = YLSaoLei/Info.plist;
				IPHONEOS_DEPLOYMENT_TARGET = 8.0;
				LD_RUNPATH_SEARCH_PATHS = "$(inherited) @executable_path/Frameworks";
				PRODUCT_BUNDLE_IDENTIFIER = com.pisen.qianjituanpisen.YLSaoLei;
				PRODUCT_NAME = "$(TARGET_NAME)";
				USER_HEADER_SEARCH_PATHS = "${SRCROOT}";
			};
			name = Debug;
		};
		11E0150B1D629F950034181B /* Release */ = {
			isa = XCBuildConfiguration;
			baseConfigurationReference = 58BD25FEE98D7186FA9AB2BE /* Pods-YLSaoLei.release.xcconfig */;
			buildSettings = {
				ASSETCATALOG_COMPILER_APPICON_NAME = AppIcon;
				INFOPLIST_FILE = YLSaoLei/Info.plist;
				IPHONEOS_DEPLOYMENT_TARGET = 8.0;
				LD_RUNPATH_SEARCH_PATHS = "$(inherited) @executable_path/Frameworks";
				PRODUCT_BUNDLE_IDENTIFIER = com.pisen.qianjituanpisen.YLSaoLei;
				PRODUCT_NAME = "$(TARGET_NAME)";
				USER_HEADER_SEARCH_PATHS = "${SRCROOT}";
			};
			name = Release;
		};
/* End XCBuildConfiguration section */

/* Begin XCConfigurationList section */
		11E014F21D629F950034181B /* Build configuration list for PBXProject "YLSaoLei" */ = {
			isa = XCConfigurationList;
			buildConfigurations = (
				11E015071D629F950034181B /* Debug */,
				11E015081D629F950034181B /* Release */,
			);
			defaultConfigurationIsVisible = 0;
			defaultConfigurationName = Release;
		};
		11E015091D629F950034181B /* Build configuration list for PBXNativeTarget "YLSaoLei" */ = {
			isa = XCConfigurationList;
			buildConfigurations = (
				11E0150A1D629F950034181B /* Debug */,
				11E0150B1D629F950034181B /* Release */,
			);
			defaultConfigurationIsVisible = 0;
			defaultConfigurationName = Release;
		};
/* End XCConfigurationList section */
	};
	rootObject = 11E014EF1D629F950034181B /* Project object */;
}
